
Microsoft Visual Studio Solution File, Format Version 12.00
# Visual Studio Version 17
VisualStudioVersion = 17.8.34330.188
MinimumVisualStudioVersion = 10.0.40219.1
Project("{2150E333-8FDC-42A3-9474-1A3956D46DE8}") = "src", "src", "{827E0CD3-B72D-47B6-A68D-7590B98EB39B}"
EndProject
Project("{FAE04EC0-301F-11D3-BF4B-00C04F79EFBC}") = "DemoApi.Domain", "DemoApi.Domain\DemoApi.Domain.csproj", "{D72F19BB-4268-45E7-B78F-130DCC6CE24B}"
EndProject
Project("{FAE04EC0-301F-11D3-BF4B-00C04F79EFBC}") = "DemoApi.Infrastructure", "DemoApi.Infrastructure\DemoApi.Infrastructure.csproj", "{C8F77FA5-E243-43B8-8C55-3BEB7358BD06}"
EndProject
Project("{FAE04EC0-301F-11D3-BF4B-00C04F79EFBC}") = "DemoApi.Service", "DemoApi.Service\DemoApi.Service.csproj", "{A50B548C-A4B0-4F90-B32C-93C0CB89C812}"
EndProject
Project("{FAE04EC0-301F-11D3-BF4B-00C04F79EFBC}") = "DemoApi.Web", "DemoApi.Web\DemoApi.Web.csproj", "{85EBE99B-5A52-4AAB-9924-982CC4E7DDBF}"
EndProject
Project("{2150E333-8FDC-42A3-9474-1A3956D46DE8}") = "tests", "tests", "{0AB3BF05-4346-4AA6-1389-037BE0695223}"
EndProject
Project("{FAE04EC0-301F-11D3-BF4B-00C04F79EFBC}") = "DemoApi.Tests.Integration", "DemoApi.Tests.Integration\DemoApi.Tests.Integration.csproj", "{115043D0-CA7B-4ABC-9AF0-2DBF164B4696}"
EndProject
Project("{FAE04EC0-301F-11D3-BF4B-00C04F79EFBC}") = "DemoApi.Tests.Unit", "DemoApi.Tests.Unit\DemoApi.Tests.Unit.csproj", "{BDD9C486-1894-42C2-A69A-F9968E89F005}"
EndProject
Project("{2150E333-8FDC-42A3-9474-1A3956D46DE8}") = "Solution Items", "Solution Items", "{8EC462FD-D22E-90A8-E5CE-7E832BA40C5D}"
	ProjectSection(SolutionItems) = preProject
		.dockerignore = .dockerignore
		Dockerfile = Dockerfile
		docker-compose.yml = docker-compose.yml
	EndProjectSection
EndProject
Global
	GlobalSection(SolutionConfigurationPlatforms) = preSolution
		Debug|Any CPU = Debug|Any CPU
		Debug|x64 = Debug|x64
		Debug|x86 = Debug|x86
		Release|Any CPU = Release|Any CPU
		Release|x64 = Release|x64
		Release|x86 = Release|x86
	EndGlobalSection
	GlobalSection(ProjectConfigurationPlatforms) = postSolution
		{D72F19BB-4268-45E7-B78F-130DCC6CE24B}.Debug|Any CPU.ActiveCfg = Debug|Any CPU
		{D72F19BB-4268-45E7-B78F-130DCC6CE24B}.Debug|Any CPU.Build.0 = Debug|Any CPU
		{D72F19BB-4268-45E7-B78F-130DCC6CE24B}.Debug|x64.ActiveCfg = Debug|Any CPU
		{D72F19BB-4268-45E7-B78F-130DCC6CE24B}.Debug|x64.Build.0 = Debug|Any CPU
		{D72F19BB-4268-45E7-B78F-130DCC6CE24B}.Debug|x86.ActiveCfg = Debug|Any CPU
		{D72F19BB-4268-45E7-B78F-130DCC6CE24B}.Debug|x86.Build.0 = Debug|Any CPU
		{D72F19BB-4268-45E7-B78F-130DCC6CE24B}.Release|Any CPU.ActiveCfg = Release|Any CPU
		{D72F19BB-4268-45E7-B78F-130DCC6CE24B}.Release|Any CPU.Build.0 = Release|Any CPU
		{D72F19BB-4268-45E7-B78F-130DCC6CE24B}.Release|x64.ActiveCfg = Release|Any CPU
		{D72F19BB-4268-45E7-B78F-130DCC6CE24B}.Release|x64.Build.0 = Release|Any CPU
		{D72F19BB-4268-45E7-B78F-130DCC6CE24B}.Release|x86.ActiveCfg = Release|Any CPU
		{D72F19BB-4268-45E7-B78F-130DCC6CE24B}.Release|x86.Build.0 = Release|Any CPU
		{C8F77FA5-E243-43B8-8C55-3BEB7358BD06}.Debug|Any CPU.ActiveCfg = Debug|Any CPU
		{C8F77FA5-E243-43B8-8C55-3BEB7358BD06}.Debug|Any CPU.Build.0 = Debug|Any CPU
		{C8F77FA5-E243-43B8-8C55-3BEB7358BD06}.Debug|x64.ActiveCfg = Debug|Any CPU
		{C8F77FA5-E243-43B8-8C55-3BEB7358BD06}.Debug|x64.Build.0 = Debug|Any CPU
		{C8F77FA5-E243-43B8-8C55-3BEB7358BD06}.Debug|x86.ActiveCfg = Debug|Any CPU
		{C8F77FA5-E243-43B8-8C55-3BEB7358BD06}.Debug|x86.Build.0 = Debug|Any CPU
		{C8F77FA5-E243-43B8-8C55-3BEB7358BD06}.Release|Any CPU.ActiveCfg = Release|Any CPU
		{C8F77FA5-E243-43B8-8C55-3BEB7358BD06}.Release|Any CPU.Build.0 = Release|Any CPU
		{C8F77FA5-E243-43B8-8C55-3BEB7358BD06}.Release|x64.ActiveCfg = Release|Any CPU
		{C8F77FA5-E243-43B8-8C55-3BEB7358BD06}.Release|x64.Build.0 = Release|Any CPU
		{C8F77FA5-E243-43B8-8C55-3BEB7358BD06}.Release|x86.ActiveCfg = Release|Any CPU
		{C8F77FA5-E243-43B8-8C55-3BEB7358BD06}.Release|x86.Build.0 = Release|Any CPU
		{A50B548C-A4B0-4F90-B32C-93C0CB89C812}.Debug|Any CPU.ActiveCfg = Debug|Any CPU
		{A50B548C-A4B0-4F90-B32C-93C0CB89C812}.Debug|Any CPU.Build.0 = Debug|Any CPU
		{A50B548C-A4B0-4F90-B32C-93C0CB89C812}.Debug|x64.ActiveCfg = Debug|Any CPU
		{A50B548C-A4B0-4F90-B32C-93C0CB89C812}.Debug|x64.Build.0 = Debug|Any CPU
		{A50B548C-A4B0-4F90-B32C-93C0CB89C812}.Debug|x86.ActiveCfg = Debug|Any CPU
		{A50B548C-A4B0-4F90-B32C-93C0CB89C812}.Debug|x86.Build.0 = Debug|Any CPU
		{A50B548C-A4B0-4F90-B32C-93C0CB89C812}.Release|Any CPU.ActiveCfg = Release|Any CPU
		{A50B548C-A4B0-4F90-B32C-93C0CB89C812}.Release|Any CPU.Build.0 = Release|Any CPU
		{A50B548C-A4B0-4F90-B32C-93C0CB89C812}.Release|x64.ActiveCfg = Release|Any CPU
		{A50B548C-A4B0-4F90-B32C-93C0CB89C812}.Release|x64.Build.0 = Release|Any CPU
		{A50B548C-A4B0-4F90-B32C-93C0CB89C812}.Release|x86.ActiveCfg = Release|Any CPU
		{A50B548C-A4B0-4F90-B32C-93C0CB89C812}.Release|x86.Build.0 = Release|Any CPU
		{85EBE99B-5A52-4AAB-9924-982CC4E7DDBF}.Debug|Any CPU.ActiveCfg = Debug|Any CPU
		{85EBE99B-5A52-4AAB-9924-982CC4E7DDBF}.Debug|Any CPU.Build.0 = Debug|Any CPU
		{85EBE99B-5A52-4AAB-9924-982CC4E7DDBF}.Debug|x64.ActiveCfg = Debug|Any CPU
		{85EBE99B-5A52-4AAB-9924-982CC4E7DDBF}.Debug|x64.Build.0 = Debug|Any CPU
		{85EBE99B-5A52-4AAB-9924-982CC4E7DDBF}.Debug|x86.ActiveCfg = Debug|Any CPU
		{85EBE99B-5A52-4AAB-9924-982CC4E7DDBF}.Debug|x86.Build.0 = Debug|Any CPU
		{85EBE99B-5A52-4AAB-9924-982CC4E7DDBF}.Release|Any CPU.ActiveCfg = Release|Any CPU
		{85EBE99B-5A52-4AAB-9924-982CC4E7DDBF}.Release|Any CPU.Build.0 = Release|Any CPU
		{85EBE99B-5A52-4AAB-9924-982CC4E7DDBF}.Release|x64.ActiveCfg = Release|Any CPU
		{85EBE99B-5A52-4AAB-9924-982CC4E7DDBF}.Release|x64.Build.0 = Release|Any CPU
		{85EBE99B-5A52-4AAB-9924-982CC4E7DDBF}.Release|x86.ActiveCfg = Release|Any CPU
		{85EBE99B-5A52-4AAB-9924-982CC4E7DDBF}.Release|x86.Build.0 = Release|Any CPU
		{115043D0-CA7B-4ABC-9AF0-2DBF164B4696}.Debug|Any CPU.ActiveCfg = Debug|Any CPU
		{115043D0-CA7B-4ABC-9AF0-2DBF164B4696}.Debug|Any CPU.Build.0 = Debug|Any CPU
		{115043D0-CA7B-4ABC-9AF0-2DBF164B4696}.Debug|x64.ActiveCfg = Debug|Any CPU
		{115043D0-CA7B-4ABC-9AF0-2DBF164B4696}.Debug|x64.Build.0 = Debug|Any CPU
		{115043D0-CA7B-4ABC-9AF0-2DBF164B4696}.Debug|x86.ActiveCfg = Debug|Any CPU
		{115043D0-CA7B-4ABC-9AF0-2DBF164B4696}.Debug|x86.Build.0 = Debug|Any CPU
		{115043D0-CA7B-4ABC-9AF0-2DBF164B4696}.Release|Any CPU.ActiveCfg = Release|Any CPU
		{115043D0-CA7B-4ABC-9AF0-2DBF164B4696}.Release|Any CPU.Build.0 = Release|Any CPU
		{115043D0-CA7B-4ABC-9AF0-2DBF164B4696}.Release|x64.ActiveCfg = Release|Any CPU
		{115043D0-CA7B-4ABC-9AF0-2DBF164B4696}.Release|x64.Build.0 = Release|Any CPU
		{115043D0-CA7B-4ABC-9AF0-2DBF164B4696}.Release|x86.ActiveCfg = Release|Any CPU
		{115043D0-CA7B-4ABC-9AF0-2DBF164B4696}.Release|x86.Build.0 = Release|Any CPU
		{BDD9C486-1894-42C2-A69A-F9968E89F005}.Debug|Any CPU.ActiveCfg = Debug|Any CPU
		{BDD9C486-1894-42C2-A69A-F9968E89F005}.Debug|Any CPU.Build.0 = Debug|Any CPU
		{BDD9C486-1894-42C2-A69A-F9968E89F005}.Debug|x64.ActiveCfg = Debug|Any CPU
		{BDD9C486-1894-42C2-A69A-F9968E89F005}.Debug|x64.Build.0 = Debug|Any CPU
		{BDD9C486-1894-42C2-A69A-F9968E89F005}.Debug|x86.ActiveCfg = Debug|Any CPU
		{BDD9C486-1894-42C2-A69A-F9968E89F005}.Debug|x86.Build.0 = Debug|Any CPU
		{BDD9C486-1894-42C2-A69A-F9968E89F005}.Release|Any CPU.ActiveCfg = Release|Any CPU
		{BDD9C486-1894-42C2-A69A-F9968E89F005}.Release|Any CPU.Build.0 = Release|Any CPU
		{BDD9C486-1894-42C2-A69A-F9968E89F005}.Release|x64.ActiveCfg = Release|Any CPU
		{BDD9C486-1894-42C2-A69A-F9968E89F005}.Release|x64.Build.0 = Release|Any CPU
		{BDD9C486-1894-42C2-A69A-F9968E89F005}.Release|x86.ActiveCfg = Release|Any CPU
		{BDD9C486-1894-42C2-A69A-F9968E89F005}.Release|x86.Build.0 = Release|Any CPU
	EndGlobalSection
	GlobalSection(SolutionProperties) = preSolution
		HideSolutionNode = FALSE
	EndGlobalSection
	GlobalSection(NestedProjects) = preSolution
		{D72F19BB-4268-45E7-B78F-130DCC6CE24B} = {827E0CD3-B72D-47B6-A68D-7590B98EB39B}
		{C8F77FA5-E243-43B8-8C55-3BEB7358BD06} = {827E0CD3-B72D-47B6-A68D-7590B98EB39B}
		{A50B548C-A4B0-4F90-B32C-93C0CB89C812} = {827E0CD3-B72D-47B6-A68D-7590B98EB39B}
		{85EBE99B-5A52-4AAB-9924-982CC4E7DDBF} = {827E0CD3-B72D-47B6-A68D-7590B98EB39B}
		{115043D0-CA7B-4ABC-9AF0-2DBF164B4696} = {0AB3BF05-4346-4AA6-1389-037BE0695223}
		{BDD9C486-1894-42C2-A69A-F9968E89F005} = {0AB3BF05-4346-4AA6-1389-037BE0695223}
	EndGlobalSection
	GlobalSection(ExtensibilityGlobals) = postSolution
		SolutionGuid = {FDD423A6-A4D8-4430-9537-311AE804AA3C}
	EndGlobalSection
EndGlobal
